
Microsoft Visual Studio Solution File, Format Version 12.00
# Visual Studio Version 17
VisualStudioVersion = 17.9.34723.18
MinimumVisualStudioVersion = 10.0.40219.1
Project("{9A19103F-16F7-4668-BE54-9A1E7A4F7556}") = "LumConfig", "ConfigurationReader\LumConfig.csproj", "{593924F3-0511-4814-9292-950545116948}"
EndProject
Project("{9A19103F-16F7-4668-BE54-9A1E7A4F7556}") = "ConsoleTest", "ConsoleTest\ConsoleTest.csproj", "{485C96F7-AC07-4E11-8865-786E8F0D1ADB}"
EndProject
Global
	GlobalSection(SolutionConfigurationPlatforms) = preSolution
		Debug|Any CPU = Debug|Any CPU
		Release|Any CPU = Release|Any CPU
	EndGlobalSection
	GlobalSection(ProjectConfigurationPlatforms) = postSolution
		{593924F3-0511-4814-9292-950545116948}.Debug|Any CPU.ActiveCfg = Debug|Any CPU
		{593924F3-0511-4814-9292-950545116948}.Debug|Any CPU.Build.0 = Debug|Any CPU
		{593924F3-0511-4814-9292-950545116948}.Release|Any CPU.ActiveCfg = Release|Any CPU
		{593924F3-0511-4814-9292-950545116948}.Release|Any CPU.Build.0 = Release|Any CPU
		{485C96F7-AC07-4E11-8865-786E8F0D1ADB}.Debug|Any CPU.ActiveCfg = Debug|Any CPU
		{485C96F7-AC07-4E11-8865-786E8F0D1ADB}.Debug|Any CPU.Build.0 = Debug|Any CPU
		{485C96F7-AC07-4E11-8865-786E8F0D1ADB}.Release|Any CPU.ActiveCfg = Release|Any CPU
		{485C96F7-AC07-4E11-8865-786E8F0D1ADB}.Release|Any CPU.Build.0 = Release|Any CPU
	EndGlobalSection
	GlobalSection(SolutionProperties) = preSolution
		HideSolutionNode = FALSE
	EndGlobalSection
	GlobalSection(ExtensibilityGlobals) = postSolution
		SolutionGuid = {D27CFF6D-8F60-4400-B823-8C29D5EA1DED}
	EndGlobalSection
EndGlobal
